
Microsoft Visual Studio Solution File, Format Version 12.00
# Visual Studio Version 16
VisualStudioVersion = 16.0.31410.357
MinimumVisualStudioVersion = 10.0.40219.1
Project("{9A19103F-16F7-4668-BE54-9A1E7A4F7556}") = "Navigator.Core", "Navigator.Core\Navigator.Core.csproj", "{A82E35BF-906A-474A-A523-F57F29693836}"
EndProject
Global
	GlobalSection(SolutionConfigurationPlatforms) = preSolution
		Debug|Any CPU = Debug|Any CPU
		Release|Any CPU = Release|Any CPU
	EndGlobalSection
	GlobalSection(ProjectConfigurationPlatforms) = postSolution
		{A82E35BF-906A-474A-A523-F57F29693836}.Debug|Any CPU.ActiveCfg = Debug|Any CPU
		{A82E35BF-906A-474A-A523-F57F29693836}.Debug|Any CPU.Build.0 = Debug|Any CPU
		{A82E35BF-906A-474A-A523-F57F29693836}.Release|Any CPU.ActiveCfg = Release|Any CPU
		{A82E35BF-906A-474A-A523-F57F29693836}.Release|Any CPU.Build.0 = Release|Any CPU
	EndGlobalSection
	GlobalSection(SolutionProperties) = preSolution
		HideSolutionNode = FALSE
	EndGlobalSection
	GlobalSection(ExtensibilityGlobals) = postSolution
		SolutionGuid = {E468E8D6-C5E9-4C05-93FC-DBFBBF554DB5}
	EndGlobalSection
EndGlobal
